// !$*UTF8*$!
{
	archiveVersion = 1;
	classes = {
	};
	objectVersion = 51;
	objects = {

/* Begin PBXBuildFile section */
		85879EBF267D54E800BAF5F8 /* AppDelegate.swift in Sources */ = {isa = PBXBuildFile; fileRef = 85879EBE267D54E800BAF5F8 /* AppDelegate.swift */; };
		85879EC1267D54E800BAF5F8 /* SceneDelegate.swift in Sources */ = {isa = PBXBuildFile; fileRef = 85879EC0267D54E800BAF5F8 /* SceneDelegate.swift */; };
		85879EC3267D54E800BAF5F8 /* CatViewController.swift in Sources */ = {isa = PBXBuildFile; fileRef = 85879EC2267D54E800BAF5F8 /* CatViewController.swift */; };
		85879EC6267D54E800BAF5F8 /* Main.storyboard in Resources */ = {isa = PBXBuildFile; fileRef = 85879EC4267D54E800BAF5F8 /* Main.storyboard */; };
		85879EC8267D54EA00BAF5F8 /* Assets.xcassets in Resources */ = {isa = PBXBuildFile; fileRef = 85879EC7267D54EA00BAF5F8 /* Assets.xcassets */; };
		85879ECB267D54EA00BAF5F8 /* LaunchScreen.storyboard in Resources */ = {isa = PBXBuildFile; fileRef = 85879EC9267D54EA00BAF5F8 /* LaunchScreen.storyboard */; };
		85879ED9267D60A500BAF5F8 /* MessageSendViewController.swift in Sources */ = {isa = PBXBuildFile; fileRef = 85879ED8267D60A500BAF5F8 /* MessageSendViewController.swift */; };
		85879EDC267D60CA00BAF5F8 /* CatDetailedViewController.swift in Sources */ = {isa = PBXBuildFile; fileRef = 85879EDB267D60CA00BAF5F8 /* CatDetailedViewController.swift */; };
		85879EDE267D60DB00BAF5F8 /* PawsViewController.swift in Sources */ = {isa = PBXBuildFile; fileRef = 85879EDD267D60DB00BAF5F8 /* PawsViewController.swift */; };
		85879EE0267D61F300BAF5F8 /* Extensions.swift in Sources */ = {isa = PBXBuildFile; fileRef = 85879EDF267D61F300BAF5F8 /* Extensions.swift */; };
		85879EE2267D61FE00BAF5F8 /* DatabaseManager.swift in Sources */ = {isa = PBXBuildFile; fileRef = 85879EE1267D61FE00BAF5F8 /* DatabaseManager.swift */; };
		85879EE4267D620B00BAF5F8 /* AuthManager.swift in Sources */ = {isa = PBXBuildFile; fileRef = 85879EE3267D620B00BAF5F8 /* AuthManager.swift */; };
		85879EE6267D659900BAF5F8 /* GoogleService-Info.plist in Resources */ = {isa = PBXBuildFile; fileRef = 85879EE5267D659900BAF5F8 /* GoogleService-Info.plist */; };
		85879EE8267D70DF00BAF5F8 /* SettingViewController.swift in Sources */ = {isa = PBXBuildFile; fileRef = 85879EE7267D70DF00BAF5F8 /* SettingViewController.swift */; };
		85879EEA267D717000BAF5F8 /* GlobalVariables.swift in Sources */ = {isa = PBXBuildFile; fileRef = 85879EE9267D717000BAF5F8 /* GlobalVariables.swift */; };
		85879EEC267D783F00BAF5F8 /* Starting.storyboard in Resources */ = {isa = PBXBuildFile; fileRef = 85879EEB267D783F00BAF5F8 /* Starting.storyboard */; };
		85879EEE267D798300BAF5F8 /* LoginViewController.swift in Sources */ = {isa = PBXBuildFile; fileRef = 85879EED267D798300BAF5F8 /* LoginViewController.swift */; };
		BD12C0877187D46333F8338A /* Pods_OnlyCats.framework in Frameworks */ = {isa = PBXBuildFile; fileRef = 93020DBDF27C29E7B171388A /* Pods_OnlyCats.framework */; };
/* End PBXBuildFile section */

/* Begin PBXFileReference section */
		15E74AF73A3D291CCD5459E1 /* Pods-OnlyCats.release.xcconfig */ = {isa = PBXFileReference; includeInIndex = 1; lastKnownFileType = text.xcconfig; name = "Pods-OnlyCats.release.xcconfig"; path = "Target Support Files/Pods-OnlyCats/Pods-OnlyCats.release.xcconfig"; sourceTree = "<group>"; };
		563D33DB3F97A7DA671A0093 /* Pods-OnlyCats.debug.xcconfig */ = {isa = PBXFileReference; includeInIndex = 1; lastKnownFileType = text.xcconfig; name = "Pods-OnlyCats.debug.xcconfig"; path = "Target Support Files/Pods-OnlyCats/Pods-OnlyCats.debug.xcconfig"; sourceTree = "<group>"; };
		85879EBB267D54E800BAF5F8 /* OnlyCats.app */ = {isa = PBXFileReference; explicitFileType = wrapper.application; includeInIndex = 0; path = OnlyCats.app; sourceTree = BUILT_PRODUCTS_DIR; };
		85879EBE267D54E800BAF5F8 /* AppDelegate.swift */ = {isa = PBXFileReference; lastKnownFileType = sourcecode.swift; path = AppDelegate.swift; sourceTree = "<group>"; };
		85879EC0267D54E800BAF5F8 /* SceneDelegate.swift */ = {isa = PBXFileReference; lastKnownFileType = sourcecode.swift; path = SceneDelegate.swift; sourceTree = "<group>"; };
		85879EC2267D54E800BAF5F8 /* CatViewController.swift */ = {isa = PBXFileReference; lastKnownFileType = sourcecode.swift; path = CatViewController.swift; sourceTree = "<group>"; };
		85879EC5267D54E800BAF5F8 /* Base */ = {isa = PBXFileReference; lastKnownFileType = file.storyboard; name = Base; path = Base.lproj/Main.storyboard; sourceTree = "<group>"; };
		85879EC7267D54EA00BAF5F8 /* Assets.xcassets */ = {isa = PBXFileReference; lastKnownFileType = folder.assetcatalog; path = Assets.xcassets; sourceTree = "<group>"; };
		85879ECA267D54EA00BAF5F8 /* Base */ = {isa = PBXFileReference; lastKnownFileType = file.storyboard; name = Base; path = Base.lproj/LaunchScreen.storyboard; sourceTree = "<group>"; };
		85879ECC267D54EA00BAF5F8 /* Info.plist */ = {isa = PBXFileReference; lastKnownFileType = text.plist.xml; path = Info.plist; sourceTree = "<group>"; };
		85879ED8267D60A500BAF5F8 /* MessageSendViewController.swift */ = {isa = PBXFileReference; lastKnownFileType = sourcecode.swift; path = MessageSendViewController.swift; sourceTree = "<group>"; };
		85879EDB267D60CA00BAF5F8 /* CatDetailedViewController.swift */ = {isa = PBXFileReference; lastKnownFileType = sourcecode.swift; path = CatDetailedViewController.swift; sourceTree = "<group>"; };
		85879EDD267D60DB00BAF5F8 /* PawsViewController.swift */ = {isa = PBXFileReference; lastKnownFileType = sourcecode.swift; path = PawsViewController.swift; sourceTree = "<group>"; };
		85879EDF267D61F300BAF5F8 /* Extensions.swift */ = {isa = PBXFileReference; lastKnownFileType = sourcecode.swift; path = Extensions.swift; sourceTree = "<group>"; };
		85879EE1267D61FE00BAF5F8 /* DatabaseManager.swift */ = {isa = PBXFileReference; lastKnownFileType = sourcecode.swift; path = DatabaseManager.swift; sourceTree = "<group>"; };
		85879EE3267D620B00BAF5F8 /* AuthManager.swift */ = {isa = PBXFileReference; lastKnownFileType = sourcecode.swift; path = AuthManager.swift; sourceTree = "<group>"; };
		85879EE5267D659900BAF5F8 /* GoogleService-Info.plist */ = {isa = PBXFileReference; fileEncoding = 4; lastKnownFileType = text.plist.xml; path = "GoogleService-Info.plist"; sourceTree = "<group>"; };
		85879EE7267D70DF00BAF5F8 /* SettingViewController.swift */ = {isa = PBXFileReference; lastKnownFileType = sourcecode.swift; path = SettingViewController.swift; sourceTree = "<group>"; };
		85879EE9267D717000BAF5F8 /* GlobalVariables.swift */ = {isa = PBXFileReference; lastKnownFileType = sourcecode.swift; path = GlobalVariables.swift; sourceTree = "<group>"; };
		85879EEB267D783F00BAF5F8 /* Starting.storyboard */ = {isa = PBXFileReference; lastKnownFileType = file.storyboard; path = Starting.storyboard; sourceTree = "<group>"; };
		85879EED267D798300BAF5F8 /* LoginViewController.swift */ = {isa = PBXFileReference; lastKnownFileType = sourcecode.swift; path = LoginViewController.swift; sourceTree = "<group>"; };
		93020DBDF27C29E7B171388A /* Pods_OnlyCats.framework */ = {isa = PBXFileReference; explicitFileType = wrapper.framework; includeInIndex = 0; path = Pods_OnlyCats.framework; sourceTree = BUILT_PRODUCTS_DIR; };
/* End PBXFileReference section */

/* Begin PBXFrameworksBuildPhase section */
		85879EB8267D54E800BAF5F8 /* Frameworks */ = {
			isa = PBXFrameworksBuildPhase;
			buildActionMask = 2147483647;
			files = (
				BD12C0877187D46333F8338A /* Pods_OnlyCats.framework in Frameworks */,
			);
			runOnlyForDeploymentPostprocessing = 0;
		};
/* End PBXFrameworksBuildPhase section */

/* Begin PBXGroup section */
		143980D9FEF60F2EA6A631E3 /* Frameworks */ = {
			isa = PBXGroup;
			children = (
				93020DBDF27C29E7B171388A /* Pods_OnlyCats.framework */,
			);
			name = Frameworks;
			sourceTree = "<group>";
		};
		408072C9A689BB16873E83C6 /* Pods */ = {
			isa = PBXGroup;
			children = (
				563D33DB3F97A7DA671A0093 /* Pods-OnlyCats.debug.xcconfig */,
				15E74AF73A3D291CCD5459E1 /* Pods-OnlyCats.release.xcconfig */,
			);
			path = Pods;
			sourceTree = "<group>";
		};
		85879EB2267D54E800BAF5F8 = {
			isa = PBXGroup;
			children = (
				85879EBD267D54E800BAF5F8 /* OnlyCats */,
				85879EBC267D54E800BAF5F8 /* Products */,
				408072C9A689BB16873E83C6 /* Pods */,
				143980D9FEF60F2EA6A631E3 /* Frameworks */,
			);
			sourceTree = "<group>";
		};
		85879EBC267D54E800BAF5F8 /* Products */ = {
			isa = PBXGroup;
			children = (
				85879EBB267D54E800BAF5F8 /* OnlyCats.app */,
			);
			name = Products;
			sourceTree = "<group>";
		};
		85879EBD267D54E800BAF5F8 /* OnlyCats */ = {
			isa = PBXGroup;
			children = (
				85879EBE267D54E800BAF5F8 /* AppDelegate.swift */,
				85879EC0267D54E800BAF5F8 /* SceneDelegate.swift */,
				85879ED5267D604C00BAF5F8 /* Helper */,
				85879ED3267D602A00BAF5F8 /* View Controllers */,
				85879ED2267D601A00BAF5F8 /* Storyboards */,
				85879EC7267D54EA00BAF5F8 /* Assets.xcassets */,
				85879ECC267D54EA00BAF5F8 /* Info.plist */,
				85879EE5267D659900BAF5F8 /* GoogleService-Info.plist */,
			);
			path = OnlyCats;
			sourceTree = "<group>";
		};
		85879ED2267D601A00BAF5F8 /* Storyboards */ = {
			isa = PBXGroup;
			children = (
				85879EC9267D54EA00BAF5F8 /* LaunchScreen.storyboard */,
				85879EEB267D783F00BAF5F8 /* Starting.storyboard */,
				85879EC4267D54E800BAF5F8 /* Main.storyboard */,
			);
			path = Storyboards;
			sourceTree = "<group>";
		};
		85879ED3267D602A00BAF5F8 /* View Controllers */ = {
			isa = PBXGroup;
			children = (
				85879EC2267D54E800BAF5F8 /* CatViewController.swift */,
				85879EED267D798300BAF5F8 /* LoginViewController.swift */,
				85879ED8267D60A500BAF5F8 /* MessageSendViewController.swift */,
				85879EDB267D60CA00BAF5F8 /* CatDetailedViewController.swift */,
				85879EDD267D60DB00BAF5F8 /* PawsViewController.swift */,
				85879EE7267D70DF00BAF5F8 /* SettingViewController.swift */,
			);
			path = "View Controllers";
			sourceTree = "<group>";
		};
		85879ED5267D604C00BAF5F8 /* Helper */ = {
			isa = PBXGroup;
			children = (
				85879EDF267D61F300BAF5F8 /* Extensions.swift */,
				85879EE1267D61FE00BAF5F8 /* DatabaseManager.swift */,
				85879EE3267D620B00BAF5F8 /* AuthManager.swift */,
				85879EE9267D717000BAF5F8 /* GlobalVariables.swift */,
			);
			path = Helper;
			sourceTree = "<group>";
		};
/* End PBXGroup section */

/* Begin PBXNativeTarget section */
		85879EBA267D54E800BAF5F8 /* OnlyCats */ = {
			isa = PBXNativeTarget;
			buildConfigurationList = 85879ECF267D54EA00BAF5F8 /* Build configuration list for PBXNativeTarget "OnlyCats" */;
			buildPhases = (
				834027EB2B71E23D7EE16641 /* [CP] Check Pods Manifest.lock */,
				85879EB7267D54E800BAF5F8 /* Sources */,
				85879EB8267D54E800BAF5F8 /* Frameworks */,
				85879EB9267D54E800BAF5F8 /* Resources */,
				6AB2B23BC1A2084C2A80185A /* [CP] Embed Pods Frameworks */,
				79A0E85A49FA23A395826A39 /* [CP] Copy Pods Resources */,
			);
			buildRules = (
			);
			dependencies = (
			);
			name = OnlyCats;
			productName = OnlyCats;
			productReference = 85879EBB267D54E800BAF5F8 /* OnlyCats.app */;
			productType = "com.apple.product-type.application";
		};
/* End PBXNativeTarget section */

/* Begin PBXProject section */
		85879EB3267D54E800BAF5F8 /* Project object */ = {
			isa = PBXProject;
			attributes = {
				LastSwiftUpdateCheck = 1250;
				LastUpgradeCheck = 1250;
				TargetAttributes = {
					85879EBA267D54E800BAF5F8 = {
						CreatedOnToolsVersion = 12.5;
					};
				};
			};
			buildConfigurationList = 85879EB6267D54E800BAF5F8 /* Build configuration list for PBXProject "OnlyCats" */;
			compatibilityVersion = "Xcode 9.3";
			developmentRegion = en;
			hasScannedForEncodings = 0;
			knownRegions = (
				en,
				Base,
			);
			mainGroup = 85879EB2267D54E800BAF5F8;
			productRefGroup = 85879EBC267D54E800BAF5F8 /* Products */;
			projectDirPath = "";
			projectRoot = "";
			targets = (
				85879EBA267D54E800BAF5F8 /* OnlyCats */,
			);
		};
/* End PBXProject section */

/* Begin PBXResourcesBuildPhase section */
		85879EB9267D54E800BAF5F8 /* Resources */ = {
			isa = PBXResourcesBuildPhase;
			buildActionMask = 2147483647;
			files = (
				85879ECB267D54EA00BAF5F8 /* LaunchScreen.storyboard in Resources */,
				85879EE6267D659900BAF5F8 /* GoogleService-Info.plist in Resources */,
				85879EEC267D783F00BAF5F8 /* Starting.storyboard in Resources */,
				85879EC8267D54EA00BAF5F8 /* Assets.xcassets in Resources */,
				85879EC6267D54E800BAF5F8 /* Main.storyboard in Resources */,
			);
			runOnlyForDeploymentPostprocessing = 0;
		};
/* End PBXResourcesBuildPhase section */

/* Begin PBXShellScriptBuildPhase section */
		6AB2B23BC1A2084C2A80185A /* [CP] Embed Pods Frameworks */ = {
			isa = PBXShellScriptBuildPhase;
			buildActionMask = 2147483647;
			files = (
			);
			inputFileListPaths = (
				"${PODS_ROOT}/Target Support Files/Pods-OnlyCats/Pods-OnlyCats-frameworks-${CONFIGURATION}-input-files.xcfilelist",
			);
			name = "[CP] Embed Pods Frameworks";
			outputFileListPaths = (
				"${PODS_ROOT}/Target Support Files/Pods-OnlyCats/Pods-OnlyCats-frameworks-${CONFIGURATION}-output-files.xcfilelist",
			);
			runOnlyForDeploymentPostprocessing = 0;
			shellPath = /bin/sh;
			shellScript = "\"${PODS_ROOT}/Target Support Files/Pods-OnlyCats/Pods-OnlyCats-frameworks.sh\"\n";
			showEnvVarsInLog = 0;
		};
		79A0E85A49FA23A395826A39 /* [CP] Copy Pods Resources */ = {
			isa = PBXShellScriptBuildPhase;
			buildActionMask = 2147483647;
			files = (
			);
			inputFileListPaths = (
				"${PODS_ROOT}/Target Support Files/Pods-OnlyCats/Pods-OnlyCats-resources-${CONFIGURATION}-input-files.xcfilelist",
			);
			name = "[CP] Copy Pods Resources";
			outputFileListPaths = (
				"${PODS_ROOT}/Target Support Files/Pods-OnlyCats/Pods-OnlyCats-resources-${CONFIGURATION}-output-files.xcfilelist",
			);
			runOnlyForDeploymentPostprocessing = 0;
			shellPath = /bin/sh;
			shellScript = "\"${PODS_ROOT}/Target Support Files/Pods-OnlyCats/Pods-OnlyCats-resources.sh\"\n";
			showEnvVarsInLog = 0;
		};
		834027EB2B71E23D7EE16641 /* [CP] Check Pods Manifest.lock */ = {
			isa = PBXShellScriptBuildPhase;
			buildActionMask = 2147483647;
			files = (
			);
			inputFileListPaths = (
			);
			inputPaths = (
				"${PODS_PODFILE_DIR_PATH}/Podfile.lock",
				"${PODS_ROOT}/Manifest.lock",
			);
			name = "[CP] Check Pods Manifest.lock";
			outputFileListPaths = (
			);
			outputPaths = (
				"$(DERIVED_FILE_DIR)/Pods-OnlyCats-checkManifestLockResult.txt",
			);
			runOnlyForDeploymentPostprocessing = 0;
			shellPath = /bin/sh;
			shellScript = "diff \"${PODS_PODFILE_DIR_PATH}/Podfile.lock\" \"${PODS_ROOT}/Manifest.lock\" > /dev/null\nif [ $? != 0 ] ; then\n    # print error to STDERR\n    echo \"error: The sandbox is not in sync with the Podfile.lock. Run 'pod install' or update your CocoaPods installation.\" >&2\n    exit 1\nfi\n# This output is used by Xcode 'outputs' to avoid re-running this script phase.\necho \"SUCCESS\" > \"${SCRIPT_OUTPUT_FILE_0}\"\n";
			showEnvVarsInLog = 0;
		};
/* End PBXShellScriptBuildPhase section */

/* Begin PBXSourcesBuildPhase section */
		85879EB7267D54E800BAF5F8 /* Sources */ = {
			isa = PBXSourcesBuildPhase;
			buildActionMask = 2147483647;
			files = (
				85879EEE267D798300BAF5F8 /* LoginViewController.swift in Sources */,
				85879EDE267D60DB00BAF5F8 /* PawsViewController.swift in Sources */,
				85879EDC267D60CA00BAF5F8 /* CatDetailedViewController.swift in Sources */,
				85879EE4267D620B00BAF5F8 /* AuthManager.swift in Sources */,
				85879EE0267D61F300BAF5F8 /* Extensions.swift in Sources */,
				85879EC3267D54E800BAF5F8 /* CatViewController.swift in Sources */,
				85879EE8267D70DF00BAF5F8 /* SettingViewController.swift in Sources */,
				85879EEA267D717000BAF5F8 /* GlobalVariables.swift in Sources */,
				85879EBF267D54E800BAF5F8 /* AppDelegate.swift in Sources */,
				85879ED9267D60A500BAF5F8 /* MessageSendViewController.swift in Sources */,
				85879EC1267D54E800BAF5F8 /* SceneDelegate.swift in Sources */,
				85879EE2267D61FE00BAF5F8 /* DatabaseManager.swift in Sources */,
			);
			runOnlyForDeploymentPostprocessing = 0;
		};
/* End PBXSourcesBuildPhase section */

/* Begin PBXVariantGroup section */
		85879EC4267D54E800BAF5F8 /* Main.storyboard */ = {
			isa = PBXVariantGroup;
			children = (
				85879EC5267D54E800BAF5F8 /* Base */,
			);
			name = Main.storyboard;
			sourceTree = "<group>";
		};
		85879EC9267D54EA00BAF5F8 /* LaunchScreen.storyboard */ = {
			isa = PBXVariantGroup;
			children = (
				85879ECA267D54EA00BAF5F8 /* Base */,
			);
			name = LaunchScreen.storyboard;
			sourceTree = "<group>";
		};
/* End PBXVariantGroup section */

/* Begin XCBuildConfiguration section */
		85879ECD267D54EA00BAF5F8 /* Debug */ = {
			isa = XCBuildConfiguration;
			buildSettings = {
				ALWAYS_SEARCH_USER_PATHS = NO;
				CLANG_ANALYZER_NONNULL = YES;
				CLANG_ANALYZER_NUMBER_OBJECT_CONVERSION = YES_AGGRESSIVE;
				CLANG_CXX_LANGUAGE_STANDARD = "gnu++14";
				CLANG_CXX_LIBRARY = "libc++";
				CLANG_ENABLE_MODULES = YES;
				CLANG_ENABLE_OBJC_ARC = YES;
				CLANG_ENABLE_OBJC_WEAK = YES;
				CLANG_WARN_BLOCK_CAPTURE_AUTORELEASING = YES;
				CLANG_WARN_BOOL_CONVERSION = YES;
				CLANG_WARN_COMMA = YES;
				CLANG_WARN_CONSTANT_CONVERSION = YES;
				CLANG_WARN_DEPRECATED_OBJC_IMPLEMENTATIONS = YES;
				CLANG_WARN_DIRECT_OBJC_ISA_USAGE = YES_ERROR;
				CLANG_WARN_DOCUMENTATION_COMMENTS = YES;
				CLANG_WARN_EMPTY_BODY = YES;
				CLANG_WARN_ENUM_CONVERSION = YES;
				CLANG_WARN_INFINITE_RECURSION = YES;
				CLANG_WARN_INT_CONVERSION = YES;
				CLANG_WARN_NON_LITERAL_NULL_CONVERSION = YES;
				CLANG_WARN_OBJC_IMPLICIT_RETAIN_SELF = YES;
				CLANG_WARN_OBJC_LITERAL_CONVERSION = YES;
				CLANG_WARN_OBJC_ROOT_CLASS = YES_ERROR;
				CLANG_WARN_QUOTED_INCLUDE_IN_FRAMEWORK_HEADER = YES;
				CLANG_WARN_RANGE_LOOP_ANALYSIS = YES;
				CLANG_WARN_STRICT_PROTOTYPES = YES;
				CLANG_WARN_SUSPICIOUS_MOVE = YES;
				CLANG_WARN_UNGUARDED_AVAILABILITY = YES_AGGRESSIVE;
				CLANG_WARN_UNREACHABLE_CODE = YES;
				CLANG_WARN__DUPLICATE_METHOD_MATCH = YES;
				COPY_PHASE_STRIP = NO;
				DEBUG_INFORMATION_FORMAT = dwarf;
				ENABLE_STRICT_OBJC_MSGSEND = YES;
				ENABLE_TESTABILITY = YES;
				GCC_C_LANGUAGE_STANDARD = gnu11;
				GCC_DYNAMIC_NO_PIC = NO;
				GCC_NO_COMMON_BLOCKS = YES;
				GCC_OPTIMIZATION_LEVEL = 0;
				GCC_PREPROCESSOR_DEFINITIONS = (
					"DEBUG=1",
					"$(inherited)",
				);
				GCC_WARN_64_TO_32_BIT_CONVERSION = YES;
				GCC_WARN_ABOUT_RETURN_TYPE = YES_ERROR;
				GCC_WARN_UNDECLARED_SELECTOR = YES;
				GCC_WARN_UNINITIALIZED_AUTOS = YES_AGGRESSIVE;
				GCC_WARN_UNUSED_FUNCTION = YES;
				GCC_WARN_UNUSED_VARIABLE = YES;
				IPHONEOS_DEPLOYMENT_TARGET = 14.5;
				MTL_ENABLE_DEBUG_INFO = INCLUDE_SOURCE;
				MTL_FAST_MATH = YES;
				ONLY_ACTIVE_ARCH = YES;
				SDKROOT = iphoneos;
				SWIFT_ACTIVE_COMPILATION_CONDITIONS = DEBUG;
				SWIFT_OPTIMIZATION_LEVEL = "-Onone";
			};
			name = Debug;
		};
		85879ECE267D54EA00BAF5F8 /* Release */ = {
			isa = XCBuildConfiguration;
			buildSettings = {
				ALWAYS_SEARCH_USER_PATHS = NO;
				CLANG_ANALYZER_NONNULL = YES;
				CLANG_ANALYZER_NUMBER_OBJECT_CONVERSION = YES_AGGRESSIVE;
				CLANG_CXX_LANGUAGE_STANDARD = "gnu++14";
				CLANG_CXX_LIBRARY = "libc++";
				CLANG_ENABLE_MODULES = YES;
				CLANG_ENABLE_OBJC_ARC = YES;
				CLANG_ENABLE_OBJC_WEAK = YES;
				CLANG_WARN_BLOCK_CAPTURE_AUTORELEASING = YES;
				CLANG_WARN_BOOL_CONVERSION = YES;
				CLANG_WARN_COMMA = YES;
				CLANG_WARN_CONSTANT_CONVERSION = YES;
				CLANG_WARN_DEPRECATED_OBJC_IMPLEMENTATIONS = YES;
				CLANG_WARN_DIRECT_OBJC_ISA_USAGE = YES_ERROR;
				CLANG_WARN_DOCUMENTATION_COMMENTS = YES;
				CLANG_WARN_EMPTY_BODY = YES;
				CLANG_WARN_ENUM_CONVERSION = YES;
				CLANG_WARN_INFINITE_RECURSION = YES;
				CLANG_WARN_INT_CONVERSION = YES;
				CLANG_WARN_NON_LITERAL_NULL_CONVERSION = YES;
				CLANG_WARN_OBJC_IMPLICIT_RETAIN_SELF = YES;
				CLANG_WARN_OBJC_LITERAL_CONVERSION = YES;
				CLANG_WARN_OBJC_ROOT_CLASS = YES_ERROR;
				CLANG_WARN_QUOTED_INCLUDE_IN_FRAMEWORK_HEADER = YES;
				CLANG_WARN_RANGE_LOOP_ANALYSIS = YES;
				CLANG_WARN_STRICT_PROTOTYPES = YES;
				CLANG_WARN_SUSPICIOUS_MOVE = YES;
				CLANG_WARN_UNGUARDED_AVAILABILITY = YES_AGGRESSIVE;
				CLANG_WARN_UNREACHABLE_CODE = YES;
				CLANG_WARN__DUPLICATE_METHOD_MATCH = YES;
				COPY_PHASE_STRIP = NO;
				DEBUG_INFORMATION_FORMAT = "dwarf-with-dsym";
				ENABLE_NS_ASSERTIONS = NO;
				ENABLE_STRICT_OBJC_MSGSEND = YES;
				GCC_C_LANGUAGE_STANDARD = gnu11;
				GCC_NO_COMMON_BLOCKS = YES;
				GCC_WARN_64_TO_32_BIT_CONVERSION = YES;
				GCC_WARN_ABOUT_RETURN_TYPE = YES_ERROR;
				GCC_WARN_UNDECLARED_SELECTOR = YES;
				GCC_WARN_UNINITIALIZED_AUTOS = YES_AGGRESSIVE;
				GCC_WARN_UNUSED_FUNCTION = YES;
				GCC_WARN_UNUSED_VARIABLE = YES;
				IPHONEOS_DEPLOYMENT_TARGET = 14.5;
				MTL_ENABLE_DEBUG_INFO = NO;
				MTL_FAST_MATH = YES;
				SDKROOT = iphoneos;
				SWIFT_COMPILATION_MODE = wholemodule;
				SWIFT_OPTIMIZATION_LEVEL = "-O";
				VALIDATE_PRODUCT = YES;
			};
			name = Release;
		};
		85879ED0267D54EA00BAF5F8 /* Debug */ = {
			isa = XCBuildConfiguration;
			baseConfigurationReference = 563D33DB3F97A7DA671A0093 /* Pods-OnlyCats.debug.xcconfig */;
			buildSettings = {
				ASSETCATALOG_COMPILER_APPICON_NAME = AppIcon;
				ASSETCATALOG_COMPILER_GLOBAL_ACCENT_COLOR_NAME = AccentColor;
				CODE_SIGN_STYLE = Automatic;
				DEVELOPMENT_TEAM = T675PC557V;
				"EXCLUDED_ARCHS[sdk=iphonesimulator*]" = arm64;
				INFOPLIST_FILE = OnlyCats/Info.plist;
				LD_RUNPATH_SEARCH_PATHS = (
					"$(inherited)",
					"@executable_path/Frameworks",
				);
				PRODUCT_BUNDLE_IDENTIFIER = "clara-jeon.OnlyCats";
				PRODUCT_NAME = "$(TARGET_NAME)";
				SWIFT_VERSION = 5.0;
				TARGETED_DEVICE_FAMILY = "1,2";
			};
			name = Debug;
		};
		85879ED1267D54EA00BAF5F8 /* Release */ = {
			isa = XCBuildConfiguration;
			baseConfigurationReference = 15E74AF73A3D291CCD5459E1 /* Pods-OnlyCats.release.xcconfig */;
			buildSettings = {
				ASSETCATALOG_COMPILER_APPICON_NAME = AppIcon;
				ASSETCATALOG_COMPILER_GLOBAL_ACCENT_COLOR_NAME = AccentColor;
				CODE_SIGN_STYLE = Automatic;
				DEVELOPMENT_TEAM = T675PC557V;
				"EXCLUDED_ARCHS[sdk=iphonesimulator*]" = arm64;
				INFOPLIST_FILE = OnlyCats/Info.plist;
				LD_RUNPATH_SEARCH_PATHS = (
					"$(inherited)",
					"@executable_path/Frameworks",
				);
				PRODUCT_BUNDLE_IDENTIFIER = "clara-jeon.OnlyCats";
				PRODUCT_NAME = "$(TARGET_NAME)";
				SWIFT_VERSION = 5.0;
				TARGETED_DEVICE_FAMILY = "1,2";
			};
			name = Release;
		};
/* End XCBuildConfiguration section */

/* Begin XCConfigurationList section */
		85879EB6267D54E800BAF5F8 /* Build configuration list for PBXProject "OnlyCats" */ = {
			isa = XCConfigurationList;
			buildConfigurations = (
				85879ECD267D54EA00BAF5F8 /* Debug */,
				85879ECE267D54EA00BAF5F8 /* Release */,
			);
			defaultConfigurationIsVisible = 0;
			defaultConfigurationName = Release;
		};
		85879ECF267D54EA00BAF5F8 /* Build configuration list for PBXNativeTarget "OnlyCats" */ = {
			isa = XCConfigurationList;
			buildConfigurations = (
				85879ED0267D54EA00BAF5F8 /* Debug */,
				85879ED1267D54EA00BAF5F8 /* Release */,
			);
			defaultConfigurationIsVisible = 0;
			defaultConfigurationName = Release;
		};
/* End XCConfigurationList section */
	};
	rootObject = 85879EB3267D54E800BAF5F8 /* Project object */;
}
